// !$*UTF8*$!
{
	archiveVersion = 1;
	classes = {
	};
	objectVersion = 50;
	objects = {

/* Begin PBXBuildFile section */
		8F381B9D221D10940053CD9A /* AppDelegate.swift in Sources */ = {isa = PBXBuildFile; fileRef = 8F381B9C221D10940053CD9A /* AppDelegate.swift */; };
		8F381B9F221D10940053CD9A /* ViewController.swift in Sources */ = {isa = PBXBuildFile; fileRef = 8F381B9E221D10940053CD9A /* ViewController.swift */; };
		8F381BA2221D10940053CD9A /* Main.storyboard in Resources */ = {isa = PBXBuildFile; fileRef = 8F381BA0221D10940053CD9A /* Main.storyboard */; };
		8F381BA5221D10940053CD9A /* swiftUISample.xcdatamodeld in Sources */ = {isa = PBXBuildFile; fileRef = 8F381BA3221D10940053CD9A /* swiftUISample.xcdatamodeld */; };
		8F381BA7221D10970053CD9A /* Assets.xcassets in Resources */ = {isa = PBXBuildFile; fileRef = 8F381BA6221D10970053CD9A /* Assets.xcassets */; };
		8F381BAA221D10970053CD9A /* LaunchScreen.storyboard in Resources */ = {isa = PBXBuildFile; fileRef = 8F381BA8221D10970053CD9A /* LaunchScreen.storyboard */; };
		8F381BB5221D10970053CD9A /* swiftUISampleTests.swift in Sources */ = {isa = PBXBuildFile; fileRef = 8F381BB4221D10970053CD9A /* swiftUISampleTests.swift */; };
/* End PBXBuildFile section */

/* Begin PBXContainerItemProxy section */
		8F381BB1221D10970053CD9A /* PBXContainerItemProxy */ = {
			isa = PBXContainerItemProxy;
			containerPortal = 8F381B91221D10940053CD9A /* Project object */;
			proxyType = 1;
			remoteGlobalIDString = 8F381B98221D10940053CD9A;
			remoteInfo = swiftUISample;
		};
/* End PBXContainerItemProxy section */

/* Begin PBXFileReference section */
		8F381B99221D10940053CD9A /* swiftUISample.app */ = {isa = PBXFileReference; explicitFileType = wrapper.application; includeInIndex = 0; path = swiftUISample.app; sourceTree = BUILT_PRODUCTS_DIR; };
		8F381B9C221D10940053CD9A /* AppDelegate.swift */ = {isa = PBXFileReference; lastKnownFileType = sourcecode.swift; path = AppDelegate.swift; sourceTree = "<group>"; };
		8F381B9E221D10940053CD9A /* ViewController.swift */ = {isa = PBXFileReference; lastKnownFileType = sourcecode.swift; path = ViewController.swift; sourceTree = "<group>"; };
		8F381BA1221D10940053CD9A /* Base */ = {isa = PBXFileReference; lastKnownFileType = file.storyboard; name = Base; path = Base.lproj/Main.storyboard; sourceTree = "<group>"; };
		8F381BA4221D10940053CD9A /* swiftUISample.xcdatamodel */ = {isa = PBXFileReference; lastKnownFileType = wrapper.xcdatamodel; path = swiftUISample.xcdatamodel; sourceTree = "<group>"; };
		8F381BA6221D10970053CD9A /* Assets.xcassets */ = {isa = PBXFileReference; lastKnownFileType = folder.assetcatalog; path = Assets.xcassets; sourceTree = "<group>"; };
		8F381BA9221D10970053CD9A /* Base */ = {isa = PBXFileReference; lastKnownFileType = file.storyboard; name = Base; path = Base.lproj/LaunchScreen.storyboard; sourceTree = "<group>"; };
		8F381BAB221D10970053CD9A /* Info.plist */ = {isa = PBXFileReference; lastKnownFileType = text.plist.xml; path = Info.plist; sourceTree = "<group>"; };
		8F381BB0221D10970053CD9A /* swiftUISampleTests.xctest */ = {isa = PBXFileReference; explicitFileType = wrapper.cfbundle; includeInIndex = 0; path = swiftUISampleTests.xctest; sourceTree = BUILT_PRODUCTS_DIR; };
		8F381BB4221D10970053CD9A /* swiftUISampleTests.swift */ = {isa = PBXFileReference; lastKnownFileType = sourcecode.swift; path = swiftUISampleTests.swift; sourceTree = "<group>"; };
		8F381BB6221D10970053CD9A /* Info.plist */ = {isa = PBXFileReference; lastKnownFileType = text.plist.xml; path = Info.plist; sourceTree = "<group>"; };
/* End PBXFileReference section */

/* Begin PBXFrameworksBuildPhase section */
		8F381B96221D10940053CD9A /* Frameworks */ = {
			isa = PBXFrameworksBuildPhase;
			buildActionMask = 2147483647;
			files = (
			);
			runOnlyForDeploymentPostprocessing = 0;
		};
		8F381BAD221D10970053CD9A /* Frameworks */ = {
			isa = PBXFrameworksBuildPhase;
			buildActionMask = 2147483647;
			files = (
			);
			runOnlyForDeploymentPostprocessing = 0;
		};
/* End PBXFrameworksBuildPhase section */

/* Begin PBXGroup section */
		8F381B90221D10940053CD9A = {
			isa = PBXGroup;
			children = (
				8F381B9B221D10940053CD9A /* swiftUISample */,
				8F381BB3221D10970053CD9A /* swiftUISampleTests */,
				8F381B9A221D10940053CD9A /* Products */,
			);
			sourceTree = "<group>";
		};
		8F381B9A221D10940053CD9A /* Products */ = {
			isa = PBXGroup;
			children = (
				8F381B99221D10940053CD9A /* swiftUISample.app */,
				8F381BB0221D10970053CD9A /* swiftUISampleTests.xctest */,
			);
			name = Products;
			sourceTree = "<group>";
		};
		8F381B9B221D10940053CD9A /* swiftUISample */ = {
			isa = PBXGroup;
			children = (
				8F381B9C221D10940053CD9A /* AppDelegate.swift */,
				8F381B9E221D10940053CD9A /* ViewController.swift */,
				8F381BA0221D10940053CD9A /* Main.storyboard */,
				8F381BA6221D10970053CD9A /* Assets.xcassets */,
				8F381BA8221D10970053CD9A /* LaunchScreen.storyboard */,
				8F381BAB221D10970053CD9A /* Info.plist */,
				8F381BA3221D10940053CD9A /* swiftUISample.xcdatamodeld */,
			);
			path = swiftUISample;
			sourceTree = "<group>";
		};
		8F381BB3221D10970053CD9A /* swiftUISampleTests */ = {
			isa = PBXGroup;
			children = (
				8F381BB4221D10970053CD9A /* swiftUISampleTests.swift */,
				8F381BB6221D10970053CD9A /* Info.plist */,
			);
			path = swiftUISampleTests;
			sourceTree = "<group>";
		};
/* End PBXGroup section */

/* Begin PBXNativeTarget section */
		8F381B98221D10940053CD9A /* swiftUISample */ = {
			isa = PBXNativeTarget;
			buildConfigurationList = 8F381BB9221D10970053CD9A /* Build configuration list for PBXNativeTarget "swiftUISample" */;
			buildPhases = (
				8F381B95221D10940053CD9A /* Sources */,
				8F381B96221D10940053CD9A /* Frameworks */,
				8F381B97221D10940053CD9A /* Resources */,
			);
			buildRules = (
			);
			dependencies = (
			);
			name = swiftUISample;
			productName = swiftUISample;
			productReference = 8F381B99221D10940053CD9A /* swiftUISample.app */;
			productType = "com.apple.product-type.application";
		};
		8F381BAF221D10970053CD9A /* swiftUISampleTests */ = {
			isa = PBXNativeTarget;
			buildConfigurationList = 8F381BBC221D10970053CD9A /* Build configuration list for PBXNativeTarget "swiftUISampleTests" */;
			buildPhases = (
				8F381BAC221D10970053CD9A /* Sources */,
				8F381BAD221D10970053CD9A /* Frameworks */,
				8F381BAE221D10970053CD9A /* Resources */,
			);
			buildRules = (
			);
			dependencies = (
				8F381BB2221D10970053CD9A /* PBXTargetDependency */,
			);
			name = swiftUISampleTests;
			productName = swiftUISampleTests;
			productReference = 8F381BB0221D10970053CD9A /* swiftUISampleTests.xctest */;
			productType = "com.apple.product-type.bundle.unit-test";
		};
/* End PBXNativeTarget section */

/* Begin PBXProject section */
		8F381B91221D10940053CD9A /* Project object */ = {
			isa = PBXProject;
			attributes = {
				LastSwiftUpdateCheck = 1010;
				LastUpgradeCheck = 1010;
				ORGANIZATIONNAME = msm;
				TargetAttributes = {
					8F381B98221D10940053CD9A = {
						CreatedOnToolsVersion = 10.1;
					};
					8F381BAF221D10970053CD9A = {
						CreatedOnToolsVersion = 10.1;
						TestTargetID = 8F381B98221D10940053CD9A;
					};
				};
			};
			buildConfigurationList = 8F381B94221D10940053CD9A /* Build configuration list for PBXProject "swiftUISample" */;
			compatibilityVersion = "Xcode 9.3";
			developmentRegion = en;
			hasScannedForEncodings = 0;
			knownRegions = (
				en,
				Base,
			);
			mainGroup = 8F381B90221D10940053CD9A;
			productRefGroup = 8F381B9A221D10940053CD9A /* Products */;
			projectDirPath = "";
			projectRoot = "";
			targets = (
				8F381B98221D10940053CD9A /* swiftUISample */,
				8F381BAF221D10970053CD9A /* swiftUISampleTests */,
			);
		};
/* End PBXProject section */

/* Begin PBXResourcesBuildPhase section */
		8F381B97221D10940053CD9A /* Resources */ = {
			isa = PBXResourcesBuildPhase;
			buildActionMask = 2147483647;
			files = (
				8F381BAA221D10970053CD9A /* LaunchScreen.storyboard in Resources */,
				8F381BA7221D10970053CD9A /* Assets.xcassets in Resources */,
				8F381BA2221D10940053CD9A /* Main.storyboard in Resources */,
			);
			runOnlyForDeploymentPostprocessing = 0;
		};
		8F381BAE221D10970053CD9A /* Resources */ = {
			isa = PBXResourcesBuildPhase;
			buildActionMask = 2147483647;
			files = (
			);
			runOnlyForDeploymentPostprocessing = 0;
		};
/* End PBXResourcesBuildPhase section */

/* Begin PBXSourcesBuildPhase section */
		8F381B95221D10940053CD9A /* Sources */ = {
			isa = PBXSourcesBuildPhase;
			buildActionMask = 2147483647;
			files = (
				8F381BA5221D10940053CD9A /* swiftUISample.xcdatamodeld in Sources */,
				8F381B9F221D10940053CD9A /* ViewController.swift in Sources */,
				8F381B9D221D10940053CD9A /* AppDelegate.swift in Sources */,
			);
			runOnlyForDeploymentPostprocessing = 0;
		};
		8F381BAC221D10970053CD9A /* Sources */ = {
			isa = PBXSourcesBuildPhase;
			buildActionMask = 2147483647;
			files = (
				8F381BB5221D10970053CD9A /* swiftUISampleTests.swift in Sources */,
			);
			runOnlyForDeploymentPostprocessing = 0;
		};
/* End PBXSourcesBuildPhase section */

/* Begin PBXTargetDependency section */
		8F381BB2221D10970053CD9A /* PBXTargetDependency */ = {
			isa = PBXTargetDependency;
			target = 8F381B98221D10940053CD9A /* swiftUISample */;
			targetProxy = 8F381BB1221D10970053CD9A /* PBXContainerItemProxy */;
		};
/* End PBXTargetDependency section */

/* Begin PBXVariantGroup section */
		8F381BA0221D10940053CD9A /* Main.storyboard */ = {
			isa = PBXVariantGroup;
			children = (
				8F381BA1221D10940053CD9A /* Base */,
			);
			name = Main.storyboard;
			sourceTree = "<group>";
		};
		8F381BA8221D10970053CD9A /* LaunchScreen.storyboard */ = {
			isa = PBXVariantGroup;
			children = (
				8F381BA9221D10970053CD9A /* Base */,
			);
			name = LaunchScreen.storyboard;
			sourceTree = "<group>";
		};
/* End PBXVariantGroup section */

/* Begin XCBuildConfiguration section */
		8F381BB7221D10970053CD9A /* Debug */ = {
			isa = XCBuildConfiguration;
			buildSettings = {
				ALWAYS_SEARCH_USER_PATHS = NO;
				CLANG_ANALYZER_NONNULL = YES;
				CLANG_ANALYZER_NUMBER_OBJECT_CONVERSION = YES_AGGRESSIVE;
				CLANG_CXX_LANGUAGE_STANDARD = "gnu++14";
				CLANG_CXX_LIBRARY = "libc++";
				CLANG_ENABLE_MODULES = YES;
				CLANG_ENABLE_OBJC_ARC = YES;
				CLANG_ENABLE_OBJC_WEAK = YES;
				CLANG_WARN_BLOCK_CAPTURE_AUTORELEASING = YES;
				CLANG_WARN_BOOL_CONVERSION = YES;
				CLANG_WARN_COMMA = YES;
				CLANG_WARN_CONSTANT_CONVERSION = YES;
				CLANG_WARN_DEPRECATED_OBJC_IMPLEMENTATIONS = YES;
				CLANG_WARN_DIRECT_OBJC_ISA_USAGE = YES_ERROR;
				CLANG_WARN_DOCUMENTATION_COMMENTS = YES;
				CLANG_WARN_EMPTY_BODY = YES;
				CLANG_WARN_ENUM_CONVERSION = YES;
				CLANG_WARN_INFINITE_RECURSION = YES;
				CLANG_WARN_INT_CONVERSION = YES;
				CLANG_WARN_NON_LITERAL_NULL_CONVERSION = YES;
				CLANG_WARN_OBJC_IMPLICIT_RETAIN_SELF = YES;
				CLANG_WARN_OBJC_LITERAL_CONVERSION = YES;
				CLANG_WARN_OBJC_ROOT_CLASS = YES_ERROR;
				CLANG_WARN_RANGE_LOOP_ANALYSIS = YES;
				CLANG_WARN_STRICT_PROTOTYPES = YES;
				CLANG_WARN_SUSPICIOUS_MOVE = YES;
				CLANG_WARN_UNGUARDED_AVAILABILITY = YES_AGGRESSIVE;
				CLANG_WARN_UNREACHABLE_CODE = YES;
				CLANG_WARN__DUPLICATE_METHOD_MATCH = YES;
				CODE_SIGN_IDENTITY = "iPhone Developer";
				COPY_PHASE_STRIP = NO;
				DEBUG_INFORMATION_FORMAT = dwarf;
				ENABLE_STRICT_OBJC_MSGSEND = YES;
				ENABLE_TESTABILITY = YES;
				GCC_C_LANGUAGE_STANDARD = gnu11;
				GCC_DYNAMIC_NO_PIC = NO;
				GCC_NO_COMMON_BLOCKS = YES;
				GCC_OPTIMIZATION_LEVEL = 0;
				GCC_PREPROCESSOR_DEFINITIONS = (
					"DEBUG=1",
					"$(inherited)",
				);
				GCC_WARN_64_TO_32_BIT_CONVERSION = YES;
				GCC_WARN_ABOUT_RETURN_TYPE = YES_ERROR;
				GCC_WARN_UNDECLARED_SELECTOR = YES;
				GCC_WARN_UNINITIALIZED_AUTOS = YES_AGGRESSIVE;
				GCC_WARN_UNUSED_FUNCTION = YES;
				GCC_WARN_UNUSED_VARIABLE = YES;
				IPHONEOS_DEPLOYMENT_TARGET = 12.1;
				MTL_ENABLE_DEBUG_INFO = INCLUDE_SOURCE;
				MTL_FAST_MATH = YES;
				ONLY_ACTIVE_ARCH = YES;
				SDKROOT = iphoneos;
				SWIFT_ACTIVE_COMPILATION_CONDITIONS = DEBUG;
				SWIFT_OPTIMIZATION_LEVEL = "-Onone";
			};
			name = Debug;
		};
		8F381BB8221D10970053CD9A /* Release */ = {
			isa = XCBuildConfiguration;
			buildSettings = {
				ALWAYS_SEARCH_USER_PATHS = NO;
				CLANG_ANALYZER_NONNULL = YES;
				CLANG_ANALYZER_NUMBER_OBJECT_CONVERSION = YES_AGGRESSIVE;
				CLANG_CXX_LANGUAGE_STANDARD = "gnu++14";
				CLANG_CXX_LIBRARY = "libc++";
				CLANG_ENABLE_MODULES = YES;
				CLANG_ENABLE_OBJC_ARC = YES;
				CLANG_ENABLE_OBJC_WEAK = YES;
				CLANG_WARN_BLOCK_CAPTURE_AUTORELEASING = YES;
				CLANG_WARN_BOOL_CONVERSION = YES;
				CLANG_WARN_COMMA = YES;
				CLANG_WARN_CONSTANT_CONVERSION = YES;
				CLANG_WARN_DEPRECATED_OBJC_IMPLEMENTATIONS = YES;
				CLANG_WARN_DIRECT_OBJC_ISA_USAGE = YES_ERROR;
				CLANG_WARN_DOCUMENTATION_COMMENTS = YES;
				CLANG_WARN_EMPTY_BODY = YES;
				CLANG_WARN_ENUM_CONVERSION = YES;
				CLANG_WARN_INFINITE_RECURSION = YES;
				CLANG_WARN_INT_CONVERSION = YES;
				CLANG_WARN_NON_LITERAL_NULL_CONVERSION = YES;
				CLANG_WARN_OBJC_IMPLICIT_RETAIN_SELF = YES;
				CLANG_WARN_OBJC_LITERAL_CONVERSION = YES;
				CLANG_WARN_OBJC_ROOT_CLASS = YES_ERROR;
				CLANG_WARN_RANGE_LOOP_ANALYSIS = YES;
				CLANG_WARN_STRICT_PROTOTYPES = YES;
				CLANG_WARN_SUSPICIOUS_MOVE = YES;
				CLANG_WARN_UNGUARDED_AVAILABILITY = YES_AGGRESSIVE;
				CLANG_WARN_UNREACHABLE_CODE = YES;
				CLANG_WARN__DUPLICATE_METHOD_MATCH = YES;
				CODE_SIGN_IDENTITY = "iPhone Developer";
				COPY_PHASE_STRIP = NO;
				DEBUG_INFORMATION_FORMAT = "dwarf-with-dsym";
				ENABLE_NS_ASSERTIONS = NO;
				ENABLE_STRICT_OBJC_MSGSEND = YES;
				GCC_C_LANGUAGE_STANDARD = gnu11;
				GCC_NO_COMMON_BLOCKS = YES;
				GCC_WARN_64_TO_32_BIT_CONVERSION = YES;
				GCC_WARN_ABOUT_RETURN_TYPE = YES_ERROR;
				GCC_WARN_UNDECLARED_SELECTOR = YES;
				GCC_WARN_UNINITIALIZED_AUTOS = YES_AGGRESSIVE;
				GCC_WARN_UNUSED_FUNCTION = YES;
				GCC_WARN_UNUSED_VARIABLE = YES;
				IPHONEOS_DEPLOYMENT_TARGET = 12.1;
				MTL_ENABLE_DEBUG_INFO = NO;
				MTL_FAST_MATH = YES;
				SDKROOT = iphoneos;
				SWIFT_COMPILATION_MODE = wholemodule;
				SWIFT_OPTIMIZATION_LEVEL = "-O";
				VALIDATE_PRODUCT = YES;
			};
			name = Release;
		};
		8F381BBA221D10970053CD9A /* Debug */ = {
			isa = XCBuildConfiguration;
			buildSettings = {
				ASSETCATALOG_COMPILER_APPICON_NAME = AppIcon;
				CODE_SIGN_STYLE = Automatic;
				INFOPLIST_FILE = swiftUISample/Info.plist;
				LD_RUNPATH_SEARCH_PATHS = (
					"$(inherited)",
					"@executable_path/Frameworks",
				);
				PRODUCT_BUNDLE_IDENTIFIER = id.swiftUISample;
				PRODUCT_NAME = "$(TARGET_NAME)";
				SWIFT_VERSION = 4.2;
				TARGETED_DEVICE_FAMILY = "1,2";
			};
			name = Debug;
		};
		8F381BBB221D10970053CD9A /* Release */ = {
			isa = XCBuildConfiguration;
			buildSettings = {
				ASSETCATALOG_COMPILER_APPICON_NAME = AppIcon;
				CODE_SIGN_STYLE = Automatic;
				INFOPLIST_FILE = swiftUISample/Info.plist;
				LD_RUNPATH_SEARCH_PATHS = (
					"$(inherited)",
					"@executable_path/Frameworks",
				);
				PRODUCT_BUNDLE_IDENTIFIER = id.swiftUISample;
				PRODUCT_NAME = "$(TARGET_NAME)";
				SWIFT_VERSION = 4.2;
				TARGETED_DEVICE_FAMILY = "1,2";
			};
			name = Release;
		};
		8F381BBD221D10970053CD9A /* Debug */ = {
			isa = XCBuildConfiguration;
			buildSettings = {
				ALWAYS_EMBED_SWIFT_STANDARD_LIBRARIES = YES;
				BUNDLE_LOADER = "$(TEST_HOST)";
				CODE_SIGN_STYLE = Automatic;
				INFOPLIST_FILE = swiftUISampleTests/Info.plist;
				LD_RUNPATH_SEARCH_PATHS = (
					"$(inherited)",
					"@executable_path/Frameworks",
					"@loader_path/Frameworks",
				);
				PRODUCT_BUNDLE_IDENTIFIER = id.swiftUISampleTests;
				PRODUCT_NAME = "$(TARGET_NAME)";
				SWIFT_VERSION = 4.2;
				TARGETED_DEVICE_FAMILY = "1,2";
				TEST_HOST = "$(BUILT_PRODUCTS_DIR)/swiftUISample.app/swiftUISample";
			};
			name = Debug;
		};
		8F381BBE221D10970053CD9A /* Release */ = {
			isa = XCBuildConfiguration;
			buildSettings = {
				ALWAYS_EMBED_SWIFT_STANDARD_LIBRARIES = YES;
				BUNDLE_LOADER = "$(TEST_HOST)";
				CODE_SIGN_STYLE = Automatic;
				INFOPLIST_FILE = swiftUISampleTests/Info.plist;
				LD_RUNPATH_SEARCH_PATHS = (
					"$(inherited)",
					"@executable_path/Frameworks",
					"@loader_path/Frameworks",
				);
				PRODUCT_BUNDLE_IDENTIFIER = id.swiftUISampleTests;
				PRODUCT_NAME = "$(TARGET_NAME)";
				SWIFT_VERSION = 4.2;
				TARGETED_DEVICE_FAMILY = "1,2";
				TEST_HOST = "$(BUILT_PRODUCTS_DIR)/swiftUISample.app/swiftUISample";
			};
			name = Release;
		};
/* End XCBuildConfiguration section */

/* Begin XCConfigurationList section */
		8F381B94221D10940053CD9A /* Build configuration list for PBXProject "swiftUISample" */ = {
			isa = XCConfigurationList;
			buildConfigurations = (
				8F381BB7221D10970053CD9A /* Debug */,
				8F381BB8221D10970053CD9A /* Release */,
			);
			defaultConfigurationIsVisible = 0;
			defaultConfigurationName = Release;
		};
		8F381BB9221D10970053CD9A /* Build configuration list for PBXNativeTarget "swiftUISample" */ = {
			isa = XCConfigurationList;
			buildConfigurations = (
				8F381BBA221D10970053CD9A /* Debug */,
				8F381BBB221D10970053CD9A /* Release */,
			);
			defaultConfigurationIsVisible = 0;
			defaultConfigurationName = Release;
		};
		8F381BBC221D10970053CD9A /* Build configuration list for PBXNativeTarget "swiftUISampleTests" */ = {
			isa = XCConfigurationList;
			buildConfigurations = (
				8F381BBD221D10970053CD9A /* Debug */,
				8F381BBE221D10970053CD9A /* Release */,
			);
			defaultConfigurationIsVisible = 0;
			defaultConfigurationName = Release;
		};
/* End XCConfigurationList section */

/* Begin XCVersionGroup section */
		8F381BA3221D10940053CD9A /* swiftUISample.xcdatamodeld */ = {
			isa = XCVersionGroup;
			children = (
				8F381BA4221D10940053CD9A /* swiftUISample.xcdatamodel */,
			);
			currentVersion = 8F381BA4221D10940053CD9A /* swiftUISample.xcdatamodel */;
			path = swiftUISample.xcdatamodeld;
			sourceTree = "<group>";
			versionGroupType = wrapper.xcdatamodel;
		};
/* End XCVersionGroup section */
	};
	rootObject = 8F381B91221D10940053CD9A /* Project object */;
}
